
Microsoft Visual Studio Solution File, Format Version 12.00
# Visual Studio Version 16
VisualStudioVersion = 16.0.30503.244
MinimumVisualStudioVersion = 10.0.40219.1
Project("{FAE04EC0-301F-11D3-BF4B-00C04F79EFBC}") = "PassingInfoForms", "PassingInfoForms.csproj", "{14C9EB38-6CC7-482F-A5CC-742FE9D13D62}"
EndProject
Global
	GlobalSection(SolutionConfigurationPlatforms) = preSolution
		Debug|Any CPU = Debug|Any CPU
		Release|Any CPU = Release|Any CPU
	EndGlobalSection
	GlobalSection(ProjectConfigurationPlatforms) = postSolution
		{14C9EB38-6CC7-482F-A5CC-742FE9D13D62}.Debug|Any CPU.ActiveCfg = Debug|Any CPU
		{14C9EB38-6CC7-482F-A5CC-742FE9D13D62}.Debug|Any CPU.Build.0 = Debug|Any CPU
		{14C9EB38-6CC7-482F-A5CC-742FE9D13D62}.Release|Any CPU.ActiveCfg = Release|Any CPU
		{14C9EB38-6CC7-482F-A5CC-742FE9D13D62}.Release|Any CPU.Build.0 = Release|Any CPU
	EndGlobalSection
	GlobalSection(SolutionProperties) = preSolution
		HideSolutionNode = FALSE
	EndGlobalSection
	GlobalSection(ExtensibilityGlobals) = postSolution
		SolutionGuid = {FE46CDB0-C77A-42F2-9C57-39F3EE1FB9FB}
	EndGlobalSection
EndGlobal
